
Microsoft Visual Studio Solution File, Format Version 12.00
# Visual Studio Version 16
VisualStudioVersion = 16.0.30413.136
MinimumVisualStudioVersion = 15.0.26124.0
Project("{FAE04EC0-301F-11D3-BF4B-00C04F79EFBC}") = "PersonApplikation", "PersonApplikation\PersonApplikation.csproj", "{B07D929D-9256-4E36-A881-59D0F74D1BB7}"
EndProject
Global
	GlobalSection(SolutionConfigurationPlatforms) = preSolution
		Debug|Any CPU = Debug|Any CPU
		Release|Any CPU = Release|Any CPU
	EndGlobalSection
	GlobalSection(ProjectConfigurationPlatforms) = postSolution
		{B07D929D-9256-4E36-A881-59D0F74D1BB7}.Debug|Any CPU.ActiveCfg = Debug|Any CPU
		{B07D929D-9256-4E36-A881-59D0F74D1BB7}.Debug|Any CPU.Build.0 = Debug|Any CPU
		{B07D929D-9256-4E36-A881-59D0F74D1BB7}.Release|Any CPU.ActiveCfg = Release|Any CPU
		{B07D929D-9256-4E36-A881-59D0F74D1BB7}.Release|Any CPU.Build.0 = Release|Any CPU
	EndGlobalSection
	GlobalSection(SolutionProperties) = preSolution
		HideSolutionNode = FALSE
	EndGlobalSection
	GlobalSection(ExtensibilityGlobals) = postSolution
		SolutionGuid = {56399F8B-7F90-4BB7-BF4C-F37BF115CD28}
	EndGlobalSection
EndGlobal
